
Microsoft Visual Studio Solution File, Format Version 12.00
# Visual Studio Version 17
VisualStudioVersion = 17.12.35527.113 d17.12
MinimumVisualStudioVersion = 10.0.40219.1
Project("{FAE04EC0-301F-11D3-BF4B-00C04F79EFBC}") = "ConsoleApp1", "ConsoleApp1.csproj", "{FCFCBD97-FFE4-4B6D-818C-5C6407799C67}"
EndProject
Global
	GlobalSection(SolutionConfigurationPlatforms) = preSolution
		Debug|Any CPU = Debug|Any CPU
		Release|Any CPU = Release|Any CPU
	EndGlobalSection
	GlobalSection(ProjectConfigurationPlatforms) = postSolution
		{FCFCBD97-FFE4-4B6D-818C-5C6407799C67}.Debug|Any CPU.ActiveCfg = Debug|Any CPU
		{FCFCBD97-FFE4-4B6D-818C-5C6407799C67}.Debug|Any CPU.Build.0 = Debug|Any CPU
		{FCFCBD97-FFE4-4B6D-818C-5C6407799C67}.Release|Any CPU.ActiveCfg = Release|Any CPU
		{FCFCBD97-FFE4-4B6D-818C-5C6407799C67}.Release|Any CPU.Build.0 = Release|Any CPU
	EndGlobalSection
	GlobalSection(SolutionProperties) = preSolution
		HideSolutionNode = FALSE
	EndGlobalSection
EndGlobal
